
Microsoft Visual Studio Solution File, Format Version 12.00
# Visual Studio Express 2012 for Windows Desktop
Project("{8BC9CEB8-8B4A-11D0-8D11-00A0C91BC942}") = "ReusFish", "ReusFish\ReusFish.vcxproj", "{7FD050DB-2591-47BD-B282-44682F1650C5}"
EndProject
Global
	GlobalSection(SolutionConfigurationPlatforms) = preSolution
		Debug|Win32 = Debug|Win32
		Debug|x64 = Debug|x64
		Release|Win32 = Release|Win32
		Release|x64 = Release|x64
	EndGlobalSection
	GlobalSection(ProjectConfigurationPlatforms) = postSolution
		{7FD050DB-2591-47BD-B282-44682F1650C5}.Debug|Win32.ActiveCfg = Release|Win32
		{7FD050DB-2591-47BD-B282-44682F1650C5}.Debug|Win32.Build.0 = Release|Win32
		{7FD050DB-2591-47BD-B282-44682F1650C5}.Debug|Win32.Deploy.0 = Release|Win32
		{7FD050DB-2591-47BD-B282-44682F1650C5}.Debug|x64.ActiveCfg = Release|x64
		{7FD050DB-2591-47BD-B282-44682F1650C5}.Debug|x64.Build.0 = Release|x64
		{7FD050DB-2591-47BD-B282-44682F1650C5}.Release|Win32.ActiveCfg = Release|Win32
		{7FD050DB-2591-47BD-B282-44682F1650C5}.Release|Win32.Build.0 = Release|Win32
		{7FD050DB-2591-47BD-B282-44682F1650C5}.Release|Win32.Deploy.0 = Release|Win32
		{7FD050DB-2591-47BD-B282-44682F1650C5}.Release|x64.ActiveCfg = Release|x64
		{7FD050DB-2591-47BD-B282-44682F1650C5}.Release|x64.Build.0 = Release|x64
	EndGlobalSection
	GlobalSection(SolutionProperties) = preSolution
		HideSolutionNode = FALSE
	EndGlobalSection
EndGlobal
